name: "Update flake.lock"

on:
  schedule:
    - cron: "0 7 * * 0" # At 07:00 UTC on SUN
    - cron: "0 7 * * 1-6" # At 07:00 UTC from MON to SAT

  workflow_dispatch:

jobs:
  update:
    runs-on: ubuntu-latest
    permissions:
      contents: read
      id-token: write
    steps:
      - uses: actions/checkout@v5

      - name: "Making Room for Nix to Thrive 🌱"
        uses: wimpysworld/nothing-but-nix@main
        with:
          hatchet-protocol: "carve"

      - name: "Installing Nix"
        uses: DeterminateSystems/determinate-nix-action@v3
        with:
          extra-conf: lazy-trees = true

      - name: "Updating npins"
        run: nix run .#npins-update

      - name: "Updating flake.lock"
        uses: DeterminateSystems/update-flake-lock@v27
        id: nix-update
        with:
          token: ${{ secrets.PAT }}
          nix-options: --accept-flake-config
          branch: "build/update-flake-lock"
          commit-msg: "⬆️ build: Update flake.lock"
          git-author-name: Douglas Liberalesso
          git-author-email: dliberalesso@users.noreply.github.com
          git-committer-name: Douglas Liberalesso
          git-committer-email: dliberalesso@users.noreply.github.com
          pr-assignees: dliberalesso
          pr-labels: build, dependencies, nix
          pr-title: "⬆️ build: Update flake.lock"

      - name: Checking if Pull Request should Automerge
        if: (steps.nix-update.outputs.pull-request-operation == 'created' || steps.nix-update.outputs.pull-request-operation == 'updated') && (github.event_name == 'workflow_dispatch' || github.event.schedule == '0 7 * * 0')
        uses: peter-evans/enable-pull-request-automerge@v3
        with:
          token: ${{ secrets.PAT }}
          pull-request-number: ${{ steps.nix-update.outputs.pull-request-number }}
